// !$*UTF8*$!
{
	archiveVersion = 1;
	classes = {
	};
	objectVersion = 56;
	objects = {

/* Begin PBXBuildFile section */
		0408304D2BE3720C00663028 /* LandmarkApp.swift in Sources */ = {isa = PBXBuildFile; fileRef = 0408304C2BE3720C00663028 /* LandmarkApp.swift */; };
		0408304F2BE3720C00663028 /* ContentView.swift in Sources */ = {isa = PBXBuildFile; fileRef = 0408304E2BE3720C00663028 /* ContentView.swift */; };
		040830512BE3720F00663028 /* Assets.xcassets in Resources */ = {isa = PBXBuildFile; fileRef = 040830502BE3720F00663028 /* Assets.xcassets */; };
		040830542BE3720F00663028 /* Preview Assets.xcassets in Resources */ = {isa = PBXBuildFile; fileRef = 040830532BE3720F00663028 /* Preview Assets.xcassets */; };
		0408305E2BE3720F00663028 /* LandmarkTests.swift in Sources */ = {isa = PBXBuildFile; fileRef = 0408305D2BE3720F00663028 /* LandmarkTests.swift */; };
		040830682BE3720F00663028 /* LandmarkUITests.swift in Sources */ = {isa = PBXBuildFile; fileRef = 040830672BE3720F00663028 /* LandmarkUITests.swift */; };
		0408306A2BE3720F00663028 /* LandmarkUITestsLaunchTests.swift in Sources */ = {isa = PBXBuildFile; fileRef = 040830692BE3720F00663028 /* LandmarkUITestsLaunchTests.swift */; };
		040830772BE3724500663028 /* CircleImage.swift in Sources */ = {isa = PBXBuildFile; fileRef = 040830762BE3724500663028 /* CircleImage.swift */; };
		040830792BE3725E00663028 /* MapView.swift in Sources */ = {isa = PBXBuildFile; fileRef = 040830782BE3725E00663028 /* MapView.swift */; };
		0408307B2BE3765F00663028 /* landmarkData.json in Resources */ = {isa = PBXBuildFile; fileRef = 0408307A2BE3765F00663028 /* landmarkData.json */; };
		0408307D2BE376EB00663028 /* Landmark.swift in Sources */ = {isa = PBXBuildFile; fileRef = 0408307C2BE376EB00663028 /* Landmark.swift */; };
		0408307F2BE379FA00663028 /* ModelData.swift in Sources */ = {isa = PBXBuildFile; fileRef = 0408307E2BE379FA00663028 /* ModelData.swift */; };
		040830862BE3868000663028 /* LandmarkRow.swift in Sources */ = {isa = PBXBuildFile; fileRef = 040830852BE3868000663028 /* LandmarkRow.swift */; };
		040830882BE3882900663028 /* LandmarkList.swift in Sources */ = {isa = PBXBuildFile; fileRef = 040830872BE3882900663028 /* LandmarkList.swift */; };
		0408308A2BE389B300663028 /* LandmarkDetail.swift in Sources */ = {isa = PBXBuildFile; fileRef = 040830892BE389B300663028 /* LandmarkDetail.swift */; };
		0408308C2BE3963700663028 /* FavoriteButton.swift in Sources */ = {isa = PBXBuildFile; fileRef = 0408308B2BE3963700663028 /* FavoriteButton.swift */; };
		040830902BE39DF700663028 /* HexagonParameters.swift in Sources */ = {isa = PBXBuildFile; fileRef = 0408308F2BE39DF700663028 /* HexagonParameters.swift */; };
		040830922BE39E5800663028 /* BadgeBackground.swift in Sources */ = {isa = PBXBuildFile; fileRef = 040830912BE39E5800663028 /* BadgeBackground.swift */; };
		040830942BE39F0F00663028 /* BadgeSymbol.swift in Sources */ = {isa = PBXBuildFile; fileRef = 040830932BE39F0F00663028 /* BadgeSymbol.swift */; };
		040830962BE39F4000663028 /* RotatedBadgeSymbol.swift in Sources */ = {isa = PBXBuildFile; fileRef = 040830952BE39F4000663028 /* RotatedBadgeSymbol.swift */; };
		040830982BE39F6000663028 /* Badge.swift in Sources */ = {isa = PBXBuildFile; fileRef = 040830972BE39F6000663028 /* Badge.swift */; };
/* End PBXBuildFile section */

/* Begin PBXContainerItemProxy section */
		0408305A2BE3720F00663028 /* PBXContainerItemProxy */ = {
			isa = PBXContainerItemProxy;
			containerPortal = 040830412BE3720C00663028 /* Project object */;
			proxyType = 1;
			remoteGlobalIDString = 040830482BE3720C00663028;
			remoteInfo = Landmark;
		};
		040830642BE3720F00663028 /* PBXContainerItemProxy */ = {
			isa = PBXContainerItemProxy;
			containerPortal = 040830412BE3720C00663028 /* Project object */;
			proxyType = 1;
			remoteGlobalIDString = 040830482BE3720C00663028;
			remoteInfo = Landmark;
		};
/* End PBXContainerItemProxy section */

/* Begin PBXFileReference section */
		040830492BE3720C00663028 /* Landmark.app */ = {isa = PBXFileReference; explicitFileType = wrapper.application; includeInIndex = 0; path = Landmark.app; sourceTree = BUILT_PRODUCTS_DIR; };
		0408304C2BE3720C00663028 /* LandmarkApp.swift */ = {isa = PBXFileReference; lastKnownFileType = sourcecode.swift; path = LandmarkApp.swift; sourceTree = "<group>"; };
		0408304E2BE3720C00663028 /* ContentView.swift */ = {isa = PBXFileReference; lastKnownFileType = sourcecode.swift; path = ContentView.swift; sourceTree = "<group>"; };
		040830502BE3720F00663028 /* Assets.xcassets */ = {isa = PBXFileReference; lastKnownFileType = folder.assetcatalog; path = Assets.xcassets; sourceTree = "<group>"; };
		040830532BE3720F00663028 /* Preview Assets.xcassets */ = {isa = PBXFileReference; lastKnownFileType = folder.assetcatalog; path = "Preview Assets.xcassets"; sourceTree = "<group>"; };
		040830592BE3720F00663028 /* LandmarkTests.xctest */ = {isa = PBXFileReference; explicitFileType = wrapper.cfbundle; includeInIndex = 0; path = LandmarkTests.xctest; sourceTree = BUILT_PRODUCTS_DIR; };
		0408305D2BE3720F00663028 /* LandmarkTests.swift */ = {isa = PBXFileReference; lastKnownFileType = sourcecode.swift; path = LandmarkTests.swift; sourceTree = "<group>"; };
		040830632BE3720F00663028 /* LandmarkUITests.xctest */ = {isa = PBXFileReference; explicitFileType = wrapper.cfbundle; includeInIndex = 0; path = LandmarkUITests.xctest; sourceTree = BUILT_PRODUCTS_DIR; };
		040830672BE3720F00663028 /* LandmarkUITests.swift */ = {isa = PBXFileReference; lastKnownFileType = sourcecode.swift; path = LandmarkUITests.swift; sourceTree = "<group>"; };
		040830692BE3720F00663028 /* LandmarkUITestsLaunchTests.swift */ = {isa = PBXFileReference; lastKnownFileType = sourcecode.swift; path = LandmarkUITestsLaunchTests.swift; sourceTree = "<group>"; };
		040830762BE3724500663028 /* CircleImage.swift */ = {isa = PBXFileReference; lastKnownFileType = sourcecode.swift; path = CircleImage.swift; sourceTree = "<group>"; };
		040830782BE3725E00663028 /* MapView.swift */ = {isa = PBXFileReference; lastKnownFileType = sourcecode.swift; path = MapView.swift; sourceTree = "<group>"; };
		0408307A2BE3765F00663028 /* landmarkData.json */ = {isa = PBXFileReference; fileEncoding = 4; lastKnownFileType = text.json; path = landmarkData.json; sourceTree = "<group>"; };
		0408307C2BE376EB00663028 /* Landmark.swift */ = {isa = PBXFileReference; lastKnownFileType = sourcecode.swift; path = Landmark.swift; sourceTree = "<group>"; };
		0408307E2BE379FA00663028 /* ModelData.swift */ = {isa = PBXFileReference; lastKnownFileType = sourcecode.swift; path = ModelData.swift; sourceTree = "<group>"; };
		040830852BE3868000663028 /* LandmarkRow.swift */ = {isa = PBXFileReference; lastKnownFileType = sourcecode.swift; path = LandmarkRow.swift; sourceTree = "<group>"; };
		040830872BE3882900663028 /* LandmarkList.swift */ = {isa = PBXFileReference; lastKnownFileType = sourcecode.swift; path = LandmarkList.swift; sourceTree = "<group>"; };
		040830892BE389B300663028 /* LandmarkDetail.swift */ = {isa = PBXFileReference; lastKnownFileType = sourcecode.swift; path = LandmarkDetail.swift; sourceTree = "<group>"; };
		0408308B2BE3963700663028 /* FavoriteButton.swift */ = {isa = PBXFileReference; lastKnownFileType = sourcecode.swift; path = FavoriteButton.swift; sourceTree = "<group>"; };
		0408308F2BE39DF700663028 /* HexagonParameters.swift */ = {isa = PBXFileReference; lastKnownFileType = sourcecode.swift; path = HexagonParameters.swift; sourceTree = "<group>"; };
		040830912BE39E5800663028 /* BadgeBackground.swift */ = {isa = PBXFileReference; lastKnownFileType = sourcecode.swift; path = BadgeBackground.swift; sourceTree = "<group>"; };
		040830932BE39F0F00663028 /* BadgeSymbol.swift */ = {isa = PBXFileReference; lastKnownFileType = sourcecode.swift; path = BadgeSymbol.swift; sourceTree = "<group>"; };
		040830952BE39F4000663028 /* RotatedBadgeSymbol.swift */ = {isa = PBXFileReference; lastKnownFileType = sourcecode.swift; path = RotatedBadgeSymbol.swift; sourceTree = "<group>"; };
		040830972BE39F6000663028 /* Badge.swift */ = {isa = PBXFileReference; lastKnownFileType = sourcecode.swift; path = Badge.swift; sourceTree = "<group>"; };
/* End PBXFileReference section */

/* Begin PBXFrameworksBuildPhase section */
		040830462BE3720C00663028 /* Frameworks */ = {
			isa = PBXFrameworksBuildPhase;
			buildActionMask = 2147483647;
			files = (
			);
			runOnlyForDeploymentPostprocessing = 0;
		};
		040830562BE3720F00663028 /* Frameworks */ = {
			isa = PBXFrameworksBuildPhase;
			buildActionMask = 2147483647;
			files = (
			);
			runOnlyForDeploymentPostprocessing = 0;
		};
		040830602BE3720F00663028 /* Frameworks */ = {
			isa = PBXFrameworksBuildPhase;
			buildActionMask = 2147483647;
			files = (
			);
			runOnlyForDeploymentPostprocessing = 0;
		};
/* End PBXFrameworksBuildPhase section */

/* Begin PBXGroup section */
		040830402BE3720C00663028 = {
			isa = PBXGroup;
			children = (
				0408304B2BE3720C00663028 /* Landmark */,
				0408305C2BE3720F00663028 /* LandmarkTests */,
				040830662BE3720F00663028 /* LandmarkUITests */,
				0408304A2BE3720C00663028 /* Products */,
			);
			sourceTree = "<group>";
		};
		0408304A2BE3720C00663028 /* Products */ = {
			isa = PBXGroup;
			children = (
				040830492BE3720C00663028 /* Landmark.app */,
				040830592BE3720F00663028 /* LandmarkTests.xctest */,
				040830632BE3720F00663028 /* LandmarkUITests.xctest */,
			);
			name = Products;
			sourceTree = "<group>";
		};
		0408304B2BE3720C00663028 /* Landmark */ = {
			isa = PBXGroup;
			children = (
				040830822BE37AD700663028 /* Views */,
				040830832BE37AE100663028 /* Model */,
				040830842BE37AE700663028 /* Resources */,
				0408304C2BE3720C00663028 /* LandmarkApp.swift */,
				040830502BE3720F00663028 /* Assets.xcassets */,
				040830522BE3720F00663028 /* Preview Content */,
			);
			path = Landmark;
			sourceTree = "<group>";
		};
		040830522BE3720F00663028 /* Preview Content */ = {
			isa = PBXGroup;
			children = (
				040830532BE3720F00663028 /* Preview Assets.xcassets */,
			);
			path = "Preview Content";
			sourceTree = "<group>";
		};
		0408305C2BE3720F00663028 /* LandmarkTests */ = {
			isa = PBXGroup;
			children = (
				0408305D2BE3720F00663028 /* LandmarkTests.swift */,
			);
			path = LandmarkTests;
			sourceTree = "<group>";
		};
		040830662BE3720F00663028 /* LandmarkUITests */ = {
			isa = PBXGroup;
			children = (
				040830672BE3720F00663028 /* LandmarkUITests.swift */,
				040830692BE3720F00663028 /* LandmarkUITestsLaunchTests.swift */,
			);
			path = LandmarkUITests;
			sourceTree = "<group>";
		};
		040830822BE37AD700663028 /* Views */ = {
			isa = PBXGroup;
			children = (
				0408304E2BE3720C00663028 /* ContentView.swift */,
				0408308E2BE3973F00663028 /* Helper */,
				0408308D2BE3973200663028 /* Landmark */,
				040830992BE39F9600663028 /* Badges */,
			);
			path = Views;
			sourceTree = "<group>";
		};
		040830832BE37AE100663028 /* Model */ = {
			isa = PBXGroup;
			children = (
				0408307E2BE379FA00663028 /* ModelData.swift */,
				0408307C2BE376EB00663028 /* Landmark.swift */,
			);
			path = Model;
			sourceTree = "<group>";
		};
		040830842BE37AE700663028 /* Resources */ = {
			isa = PBXGroup;
			children = (
				0408307A2BE3765F00663028 /* landmarkData.json */,
			);
			path = Resources;
			sourceTree = "<group>";
		};
		0408308D2BE3973200663028 /* Landmark */ = {
			isa = PBXGroup;
			children = (
				040830852BE3868000663028 /* LandmarkRow.swift */,
				040830872BE3882900663028 /* LandmarkList.swift */,
				040830892BE389B300663028 /* LandmarkDetail.swift */,
			);
			path = Landmark;
			sourceTree = "<group>";
		};
		0408308E2BE3973F00663028 /* Helper */ = {
			isa = PBXGroup;
			children = (
				040830762BE3724500663028 /* CircleImage.swift */,
				040830782BE3725E00663028 /* MapView.swift */,
				0408308B2BE3963700663028 /* FavoriteButton.swift */,
			);
			path = Helper;
			sourceTree = "<group>";
		};
		040830992BE39F9600663028 /* Badges */ = {
			isa = PBXGroup;
			children = (
				0408308F2BE39DF700663028 /* HexagonParameters.swift */,
				040830912BE39E5800663028 /* BadgeBackground.swift */,
				040830932BE39F0F00663028 /* BadgeSymbol.swift */,
				040830952BE39F4000663028 /* RotatedBadgeSymbol.swift */,
				040830972BE39F6000663028 /* Badge.swift */,
			);
			path = Badges;
			sourceTree = "<group>";
		};
/* End PBXGroup section */

/* Begin PBXNativeTarget section */
		040830482BE3720C00663028 /* Landmark */ = {
			isa = PBXNativeTarget;
			buildConfigurationList = 0408306D2BE3720F00663028 /* Build configuration list for PBXNativeTarget "Landmark" */;
			buildPhases = (
				040830452BE3720C00663028 /* Sources */,
				040830462BE3720C00663028 /* Frameworks */,
				040830472BE3720C00663028 /* Resources */,
			);
			buildRules = (
			);
			dependencies = (
			);
			name = Landmark;
			productName = Landmark;
			productReference = 040830492BE3720C00663028 /* Landmark.app */;
			productType = "com.apple.product-type.application";
		};
		040830582BE3720F00663028 /* LandmarkTests */ = {
			isa = PBXNativeTarget;
			buildConfigurationList = 040830702BE3720F00663028 /* Build configuration list for PBXNativeTarget "LandmarkTests" */;
			buildPhases = (
				040830552BE3720F00663028 /* Sources */,
				040830562BE3720F00663028 /* Frameworks */,
				040830572BE3720F00663028 /* Resources */,
			);
			buildRules = (
			);
			dependencies = (
				0408305B2BE3720F00663028 /* PBXTargetDependency */,
			);
			name = LandmarkTests;
			productName = LandmarkTests;
			productReference = 040830592BE3720F00663028 /* LandmarkTests.xctest */;
			productType = "com.apple.product-type.bundle.unit-test";
		};
		040830622BE3720F00663028 /* LandmarkUITests */ = {
			isa = PBXNativeTarget;
			buildConfigurationList = 040830732BE3720F00663028 /* Build configuration list for PBXNativeTarget "LandmarkUITests" */;
			buildPhases = (
				0408305F2BE3720F00663028 /* Sources */,
				040830602BE3720F00663028 /* Frameworks */,
				040830612BE3720F00663028 /* Resources */,
			);
			buildRules = (
			);
			dependencies = (
				040830652BE3720F00663028 /* PBXTargetDependency */,
			);
			name = LandmarkUITests;
			productName = LandmarkUITests;
			productReference = 040830632BE3720F00663028 /* LandmarkUITests.xctest */;
			productType = "com.apple.product-type.bundle.ui-testing";
		};
/* End PBXNativeTarget section */

/* Begin PBXProject section */
		040830412BE3720C00663028 /* Project object */ = {
			isa = PBXProject;
			attributes = {
				BuildIndependentTargetsInParallel = 1;
				LastSwiftUpdateCheck = 1530;
				LastUpgradeCheck = 1530;
				TargetAttributes = {
					040830482BE3720C00663028 = {
						CreatedOnToolsVersion = 15.3;
					};
					040830582BE3720F00663028 = {
						CreatedOnToolsVersion = 15.3;
						TestTargetID = 040830482BE3720C00663028;
					};
					040830622BE3720F00663028 = {
						CreatedOnToolsVersion = 15.3;
						TestTargetID = 040830482BE3720C00663028;
					};
				};
			};
			buildConfigurationList = 040830442BE3720C00663028 /* Build configuration list for PBXProject "Landmark" */;
			compatibilityVersion = "Xcode 14.0";
			developmentRegion = en;
			hasScannedForEncodings = 0;
			knownRegions = (
				en,
				Base,
			);
			mainGroup = 040830402BE3720C00663028;
			productRefGroup = 0408304A2BE3720C00663028 /* Products */;
			projectDirPath = "";
			projectRoot = "";
			targets = (
				040830482BE3720C00663028 /* Landmark */,
				040830582BE3720F00663028 /* LandmarkTests */,
				040830622BE3720F00663028 /* LandmarkUITests */,
			);
		};
/* End PBXProject section */

/* Begin PBXResourcesBuildPhase section */
		040830472BE3720C00663028 /* Resources */ = {
			isa = PBXResourcesBuildPhase;
			buildActionMask = 2147483647;
			files = (
				040830542BE3720F00663028 /* Preview Assets.xcassets in Resources */,
				040830512BE3720F00663028 /* Assets.xcassets in Resources */,
				0408307B2BE3765F00663028 /* landmarkData.json in Resources */,
			);
			runOnlyForDeploymentPostprocessing = 0;
		};
		040830572BE3720F00663028 /* Resources */ = {
			isa = PBXResourcesBuildPhase;
			buildActionMask = 2147483647;
			files = (
			);
			runOnlyForDeploymentPostprocessing = 0;
		};
		040830612BE3720F00663028 /* Resources */ = {
			isa = PBXResourcesBuildPhase;
			buildActionMask = 2147483647;
			files = (
			);
			runOnlyForDeploymentPostprocessing = 0;
		};
/* End PBXResourcesBuildPhase section */

/* Begin PBXSourcesBuildPhase section */
		040830452BE3720C00663028 /* Sources */ = {
			isa = PBXSourcesBuildPhase;
			buildActionMask = 2147483647;
			files = (
				0408304F2BE3720C00663028 /* ContentView.swift in Sources */,
				040830982BE39F6000663028 /* Badge.swift in Sources */,
				040830792BE3725E00663028 /* MapView.swift in Sources */,
				0408304D2BE3720C00663028 /* LandmarkApp.swift in Sources */,
				0408308C2BE3963700663028 /* FavoriteButton.swift in Sources */,
				040830902BE39DF700663028 /* HexagonParameters.swift in Sources */,
				040830962BE39F4000663028 /* RotatedBadgeSymbol.swift in Sources */,
				040830942BE39F0F00663028 /* BadgeSymbol.swift in Sources */,
				040830882BE3882900663028 /* LandmarkList.swift in Sources */,
				0408308A2BE389B300663028 /* LandmarkDetail.swift in Sources */,
				040830922BE39E5800663028 /* BadgeBackground.swift in Sources */,
				040830772BE3724500663028 /* CircleImage.swift in Sources */,
				0408307D2BE376EB00663028 /* Landmark.swift in Sources */,
				040830862BE3868000663028 /* LandmarkRow.swift in Sources */,
				0408307F2BE379FA00663028 /* ModelData.swift in Sources */,
			);
			runOnlyForDeploymentPostprocessing = 0;
		};
		040830552BE3720F00663028 /* Sources */ = {
			isa = PBXSourcesBuildPhase;
			buildActionMask = 2147483647;
			files = (
				0408305E2BE3720F00663028 /* LandmarkTests.swift in Sources */,
			);
			runOnlyForDeploymentPostprocessing = 0;
		};
		0408305F2BE3720F00663028 /* Sources */ = {
			isa = PBXSourcesBuildPhase;
			buildActionMask = 2147483647;
			files = (
				0408306A2BE3720F00663028 /* LandmarkUITestsLaunchTests.swift in Sources */,
				040830682BE3720F00663028 /* LandmarkUITests.swift in Sources */,
			);
			runOnlyForDeploymentPostprocessing = 0;
		};
/* End PBXSourcesBuildPhase section */

/* Begin PBXTargetDependency section */
		0408305B2BE3720F00663028 /* PBXTargetDependency */ = {
			isa = PBXTargetDependency;
			target = 040830482BE3720C00663028 /* Landmark */;
			targetProxy = 0408305A2BE3720F00663028 /* PBXContainerItemProxy */;
		};
		040830652BE3720F00663028 /* PBXTargetDependency */ = {
			isa = PBXTargetDependency;
			target = 040830482BE3720C00663028 /* Landmark */;
			targetProxy = 040830642BE3720F00663028 /* PBXContainerItemProxy */;
		};
/* End PBXTargetDependency section */

/* Begin XCBuildConfiguration section */
		0408306B2BE3720F00663028 /* Debug */ = {
			isa = XCBuildConfiguration;
			buildSettings = {
				ALWAYS_SEARCH_USER_PATHS = NO;
				ASSETCATALOG_COMPILER_GENERATE_SWIFT_ASSET_SYMBOL_EXTENSIONS = YES;
				CLANG_ANALYZER_NONNULL = YES;
				CLANG_ANALYZER_NUMBER_OBJECT_CONVERSION = YES_AGGRESSIVE;
				CLANG_CXX_LANGUAGE_STANDARD = "gnu++20";
				CLANG_ENABLE_MODULES = YES;
				CLANG_ENABLE_OBJC_ARC = YES;
				CLANG_ENABLE_OBJC_WEAK = YES;
				CLANG_WARN_BLOCK_CAPTURE_AUTORELEASING = YES;
				CLANG_WARN_BOOL_CONVERSION = YES;
				CLANG_WARN_COMMA = YES;
				CLANG_WARN_CONSTANT_CONVERSION = YES;
				CLANG_WARN_DEPRECATED_OBJC_IMPLEMENTATIONS = YES;
				CLANG_WARN_DIRECT_OBJC_ISA_USAGE = YES_ERROR;
				CLANG_WARN_DOCUMENTATION_COMMENTS = YES;
				CLANG_WARN_EMPTY_BODY = YES;
				CLANG_WARN_ENUM_CONVERSION = YES;
				CLANG_WARN_INFINITE_RECURSION = YES;
				CLANG_WARN_INT_CONVERSION = YES;
				CLANG_WARN_NON_LITERAL_NULL_CONVERSION = YES;
				CLANG_WARN_OBJC_IMPLICIT_RETAIN_SELF = YES;
				CLANG_WARN_OBJC_LITERAL_CONVERSION = YES;
				CLANG_WARN_OBJC_ROOT_CLASS = YES_ERROR;
				CLANG_WARN_QUOTED_INCLUDE_IN_FRAMEWORK_HEADER = YES;
				CLANG_WARN_RANGE_LOOP_ANALYSIS = YES;
				CLANG_WARN_STRICT_PROTOTYPES = YES;
				CLANG_WARN_SUSPICIOUS_MOVE = YES;
				CLANG_WARN_UNGUARDED_AVAILABILITY = YES_AGGRESSIVE;
				CLANG_WARN_UNREACHABLE_CODE = YES;
				CLANG_WARN__DUPLICATE_METHOD_MATCH = YES;
				COPY_PHASE_STRIP = NO;
				DEBUG_INFORMATION_FORMAT = dwarf;
				ENABLE_STRICT_OBJC_MSGSEND = YES;
				ENABLE_TESTABILITY = YES;
				ENABLE_USER_SCRIPT_SANDBOXING = YES;
				GCC_C_LANGUAGE_STANDARD = gnu17;
				GCC_DYNAMIC_NO_PIC = NO;
				GCC_NO_COMMON_BLOCKS = YES;
				GCC_OPTIMIZATION_LEVEL = 0;
				GCC_PREPROCESSOR_DEFINITIONS = (
					"DEBUG=1",
					"$(inherited)",
				);
				GCC_WARN_64_TO_32_BIT_CONVERSION = YES;
				GCC_WARN_ABOUT_RETURN_TYPE = YES_ERROR;
				GCC_WARN_UNDECLARED_SELECTOR = YES;
				GCC_WARN_UNINITIALIZED_AUTOS = YES_AGGRESSIVE;
				GCC_WARN_UNUSED_FUNCTION = YES;
				GCC_WARN_UNUSED_VARIABLE = YES;
				IPHONEOS_DEPLOYMENT_TARGET = 17.4;
				LOCALIZATION_PREFERS_STRING_CATALOGS = YES;
				MTL_ENABLE_DEBUG_INFO = INCLUDE_SOURCE;
				MTL_FAST_MATH = YES;
				ONLY_ACTIVE_ARCH = YES;
				SDKROOT = iphoneos;
				SWIFT_ACTIVE_COMPILATION_CONDITIONS = "DEBUG $(inherited)";
				SWIFT_OPTIMIZATION_LEVEL = "-Onone";
			};
			name = Debug;
		};
		0408306C2BE3720F00663028 /* Release */ = {
			isa = XCBuildConfiguration;
			buildSettings = {
				ALWAYS_SEARCH_USER_PATHS = NO;
				ASSETCATALOG_COMPILER_GENERATE_SWIFT_ASSET_SYMBOL_EXTENSIONS = YES;
				CLANG_ANALYZER_NONNULL = YES;
				CLANG_ANALYZER_NUMBER_OBJECT_CONVERSION = YES_AGGRESSIVE;
				CLANG_CXX_LANGUAGE_STANDARD = "gnu++20";
				CLANG_ENABLE_MODULES = YES;
				CLANG_ENABLE_OBJC_ARC = YES;
				CLANG_ENABLE_OBJC_WEAK = YES;
				CLANG_WARN_BLOCK_CAPTURE_AUTORELEASING = YES;
				CLANG_WARN_BOOL_CONVERSION = YES;
				CLANG_WARN_COMMA = YES;
				CLANG_WARN_CONSTANT_CONVERSION = YES;
				CLANG_WARN_DEPRECATED_OBJC_IMPLEMENTATIONS = YES;
				CLANG_WARN_DIRECT_OBJC_ISA_USAGE = YES_ERROR;
				CLANG_WARN_DOCUMENTATION_COMMENTS = YES;
				CLANG_WARN_EMPTY_BODY = YES;
				CLANG_WARN_ENUM_CONVERSION = YES;
				CLANG_WARN_INFINITE_RECURSION = YES;
				CLANG_WARN_INT_CONVERSION = YES;
				CLANG_WARN_NON_LITERAL_NULL_CONVERSION = YES;
				CLANG_WARN_OBJC_IMPLICIT_RETAIN_SELF = YES;
				CLANG_WARN_OBJC_LITERAL_CONVERSION = YES;
				CLANG_WARN_OBJC_ROOT_CLASS = YES_ERROR;
				CLANG_WARN_QUOTED_INCLUDE_IN_FRAMEWORK_HEADER = YES;
				CLANG_WARN_RANGE_LOOP_ANALYSIS = YES;
				CLANG_WARN_STRICT_PROTOTYPES = YES;
				CLANG_WARN_SUSPICIOUS_MOVE = YES;
				CLANG_WARN_UNGUARDED_AVAILABILITY = YES_AGGRESSIVE;
				CLANG_WARN_UNREACHABLE_CODE = YES;
				CLANG_WARN__DUPLICATE_METHOD_MATCH = YES;
				COPY_PHASE_STRIP = NO;
				DEBUG_INFORMATION_FORMAT = "dwarf-with-dsym";
				ENABLE_NS_ASSERTIONS = NO;
				ENABLE_STRICT_OBJC_MSGSEND = YES;
				ENABLE_USER_SCRIPT_SANDBOXING = YES;
				GCC_C_LANGUAGE_STANDARD = gnu17;
				GCC_NO_COMMON_BLOCKS = YES;
				GCC_WARN_64_TO_32_BIT_CONVERSION = YES;
				GCC_WARN_ABOUT_RETURN_TYPE = YES_ERROR;
				GCC_WARN_UNDECLARED_SELECTOR = YES;
				GCC_WARN_UNINITIALIZED_AUTOS = YES_AGGRESSIVE;
				GCC_WARN_UNUSED_FUNCTION = YES;
				GCC_WARN_UNUSED_VARIABLE = YES;
				IPHONEOS_DEPLOYMENT_TARGET = 17.4;
				LOCALIZATION_PREFERS_STRING_CATALOGS = YES;
				MTL_ENABLE_DEBUG_INFO = NO;
				MTL_FAST_MATH = YES;
				SDKROOT = iphoneos;
				SWIFT_COMPILATION_MODE = wholemodule;
				VALIDATE_PRODUCT = YES;
			};
			name = Release;
		};
		0408306E2BE3720F00663028 /* Debug */ = {
			isa = XCBuildConfiguration;
			buildSettings = {
				ASSETCATALOG_COMPILER_APPICON_NAME = AppIcon;
				ASSETCATALOG_COMPILER_GLOBAL_ACCENT_COLOR_NAME = AccentColor;
				CODE_SIGN_STYLE = Automatic;
				CURRENT_PROJECT_VERSION = 1;
				DEVELOPMENT_ASSET_PATHS = "\"Landmark/Preview Content\"";
				DEVELOPMENT_TEAM = LGQ9K24DNA;
				ENABLE_PREVIEWS = YES;
				GENERATE_INFOPLIST_FILE = YES;
				INFOPLIST_KEY_UIApplicationSceneManifest_Generation = YES;
				INFOPLIST_KEY_UIApplicationSupportsIndirectInputEvents = YES;
				INFOPLIST_KEY_UILaunchScreen_Generation = YES;
				INFOPLIST_KEY_UISupportedInterfaceOrientations_iPad = "UIInterfaceOrientationPortrait UIInterfaceOrientationPortraitUpsideDown UIInterfaceOrientationLandscapeLeft UIInterfaceOrientationLandscapeRight";
				INFOPLIST_KEY_UISupportedInterfaceOrientations_iPhone = "UIInterfaceOrientationPortrait UIInterfaceOrientationLandscapeLeft UIInterfaceOrientationLandscapeRight";
				LD_RUNPATH_SEARCH_PATHS = (
					"$(inherited)",
					"@executable_path/Frameworks",
				);
				MARKETING_VERSION = 1.0;
				PRODUCT_BUNDLE_IDENTIFIER = adev.Landmark;
				PRODUCT_NAME = "$(TARGET_NAME)";
				SWIFT_EMIT_LOC_STRINGS = YES;
				SWIFT_VERSION = 5.0;
				TARGETED_DEVICE_FAMILY = "1,2";
			};
			name = Debug;
		};
		0408306F2BE3720F00663028 /* Release */ = {
			isa = XCBuildConfiguration;
			buildSettings = {
				ASSETCATALOG_COMPILER_APPICON_NAME = AppIcon;
				ASSETCATALOG_COMPILER_GLOBAL_ACCENT_COLOR_NAME = AccentColor;
				CODE_SIGN_STYLE = Automatic;
				CURRENT_PROJECT_VERSION = 1;
				DEVELOPMENT_ASSET_PATHS = "\"Landmark/Preview Content\"";
				DEVELOPMENT_TEAM = LGQ9K24DNA;
				ENABLE_PREVIEWS = YES;
				GENERATE_INFOPLIST_FILE = YES;
				INFOPLIST_KEY_UIApplicationSceneManifest_Generation = YES;
				INFOPLIST_KEY_UIApplicationSupportsIndirectInputEvents = YES;
				INFOPLIST_KEY_UILaunchScreen_Generation = YES;
				INFOPLIST_KEY_UISupportedInterfaceOrientations_iPad = "UIInterfaceOrientationPortrait UIInterfaceOrientationPortraitUpsideDown UIInterfaceOrientationLandscapeLeft UIInterfaceOrientationLandscapeRight";
				INFOPLIST_KEY_UISupportedInterfaceOrientations_iPhone = "UIInterfaceOrientationPortrait UIInterfaceOrientationLandscapeLeft UIInterfaceOrientationLandscapeRight";
				LD_RUNPATH_SEARCH_PATHS = (
					"$(inherited)",
					"@executable_path/Frameworks",
				);
				MARKETING_VERSION = 1.0;
				PRODUCT_BUNDLE_IDENTIFIER = adev.Landmark;
				PRODUCT_NAME = "$(TARGET_NAME)";
				SWIFT_EMIT_LOC_STRINGS = YES;
				SWIFT_VERSION = 5.0;
				TARGETED_DEVICE_FAMILY = "1,2";
			};
			name = Release;
		};
		040830712BE3720F00663028 /* Debug */ = {
			isa = XCBuildConfiguration;
			buildSettings = {
				ALWAYS_EMBED_SWIFT_STANDARD_LIBRARIES = YES;
				BUNDLE_LOADER = "$(TEST_HOST)";
				CODE_SIGN_STYLE = Automatic;
				CURRENT_PROJECT_VERSION = 1;
				DEVELOPMENT_TEAM = LGQ9K24DNA;
				GENERATE_INFOPLIST_FILE = YES;
				IPHONEOS_DEPLOYMENT_TARGET = 17.4;
				MARKETING_VERSION = 1.0;
				PRODUCT_BUNDLE_IDENTIFIER = adev.LandmarkTests;
				PRODUCT_NAME = "$(TARGET_NAME)";
				SWIFT_EMIT_LOC_STRINGS = NO;
				SWIFT_VERSION = 5.0;
				TARGETED_DEVICE_FAMILY = "1,2";
				TEST_HOST = "$(BUILT_PRODUCTS_DIR)/Landmark.app/$(BUNDLE_EXECUTABLE_FOLDER_PATH)/Landmark";
			};
			name = Debug;
		};
		040830722BE3720F00663028 /* Release */ = {
			isa = XCBuildConfiguration;
			buildSettings = {
				ALWAYS_EMBED_SWIFT_STANDARD_LIBRARIES = YES;
				BUNDLE_LOADER = "$(TEST_HOST)";
				CODE_SIGN_STYLE = Automatic;
				CURRENT_PROJECT_VERSION = 1;
				DEVELOPMENT_TEAM = LGQ9K24DNA;
				GENERATE_INFOPLIST_FILE = YES;
				IPHONEOS_DEPLOYMENT_TARGET = 17.4;
				MARKETING_VERSION = 1.0;
				PRODUCT_BUNDLE_IDENTIFIER = adev.LandmarkTests;
				PRODUCT_NAME = "$(TARGET_NAME)";
				SWIFT_EMIT_LOC_STRINGS = NO;
				SWIFT_VERSION = 5.0;
				TARGETED_DEVICE_FAMILY = "1,2";
				TEST_HOST = "$(BUILT_PRODUCTS_DIR)/Landmark.app/$(BUNDLE_EXECUTABLE_FOLDER_PATH)/Landmark";
			};
			name = Release;
		};
		040830742BE3720F00663028 /* Debug */ = {
			isa = XCBuildConfiguration;
			buildSettings = {
				ALWAYS_EMBED_SWIFT_STANDARD_LIBRARIES = YES;
				CODE_SIGN_STYLE = Automatic;
				CURRENT_PROJECT_VERSION = 1;
				DEVELOPMENT_TEAM = LGQ9K24DNA;
				GENERATE_INFOPLIST_FILE = YES;
				MARKETING_VERSION = 1.0;
				PRODUCT_BUNDLE_IDENTIFIER = adev.LandmarkUITests;
				PRODUCT_NAME = "$(TARGET_NAME)";
				SWIFT_EMIT_LOC_STRINGS = NO;
				SWIFT_VERSION = 5.0;
				TARGETED_DEVICE_FAMILY = "1,2";
				TEST_TARGET_NAME = Landmark;
			};
			name = Debug;
		};
		040830752BE3720F00663028 /* Release */ = {
			isa = XCBuildConfiguration;
			buildSettings = {
				ALWAYS_EMBED_SWIFT_STANDARD_LIBRARIES = YES;
				CODE_SIGN_STYLE = Automatic;
				CURRENT_PROJECT_VERSION = 1;
				DEVELOPMENT_TEAM = LGQ9K24DNA;
				GENERATE_INFOPLIST_FILE = YES;
				MARKETING_VERSION = 1.0;
				PRODUCT_BUNDLE_IDENTIFIER = adev.LandmarkUITests;
				PRODUCT_NAME = "$(TARGET_NAME)";
				SWIFT_EMIT_LOC_STRINGS = NO;
				SWIFT_VERSION = 5.0;
				TARGETED_DEVICE_FAMILY = "1,2";
				TEST_TARGET_NAME = Landmark;
			};
			name = Release;
		};
/* End XCBuildConfiguration section */

/* Begin XCConfigurationList section */
		040830442BE3720C00663028 /* Build configuration list for PBXProject "Landmark" */ = {
			isa = XCConfigurationList;
			buildConfigurations = (
				0408306B2BE3720F00663028 /* Debug */,
				0408306C2BE3720F00663028 /* Release */,
			);
			defaultConfigurationIsVisible = 0;
			defaultConfigurationName = Release;
		};
		0408306D2BE3720F00663028 /* Build configuration list for PBXNativeTarget "Landmark" */ = {
			isa = XCConfigurationList;
			buildConfigurations = (
				0408306E2BE3720F00663028 /* Debug */,
				0408306F2BE3720F00663028 /* Release */,
			);
			defaultConfigurationIsVisible = 0;
			defaultConfigurationName = Release;
		};
		040830702BE3720F00663028 /* Build configuration list for PBXNativeTarget "LandmarkTests" */ = {
			isa = XCConfigurationList;
			buildConfigurations = (
				040830712BE3720F00663028 /* Debug */,
				040830722BE3720F00663028 /* Release */,
			);
			defaultConfigurationIsVisible = 0;
			defaultConfigurationName = Release;
		};
		040830732BE3720F00663028 /* Build configuration list for PBXNativeTarget "LandmarkUITests" */ = {
			isa = XCConfigurationList;
			buildConfigurations = (
				040830742BE3720F00663028 /* Debug */,
				040830752BE3720F00663028 /* Release */,
			);
			defaultConfigurationIsVisible = 0;
			defaultConfigurationName = Release;
		};
/* End XCConfigurationList section */
	};
	rootObject = 040830412BE3720C00663028 /* Project object */;
}
